{
    "_readme": [
        "This file locks the dependencies of your project to a known state",
        "Read more about it at https://getcomposer.org/doc/01-basic-usage.md#installing-dependencies",
        "This file is @generated automatically"
    ],
    "content-hash": "d907dbf78b74a4f9e95262171aa18224",
    "packages": [
        {
            "name": "laminas/laminas-db",
            "version": "2.20.0",
            "source": {
                "type": "git",
                "url": "https://github.com/laminas/laminas-db.git",
                "reference": "207b9ee70a8b518913c1fad688d7a64fe89a8b91"
            },
            "dist": {
                "type": "zip",
                "url": "https://api.github.com/repos/laminas/laminas-db/zipball/207b9ee70a8b518913c1fad688d7a64fe89a8b91",
                "reference": "207b9ee70a8b518913c1fad688d7a64fe89a8b91",
                "shasum": ""
            },
            "require": {
                "laminas/laminas-stdlib": "^3.7.1",
                "php": "~8.1.0 || ~8.2.0 || ~8.3.0"
            },
            "conflict": {
                "zendframework/zend-db": "*"
            },
            "require-dev": {
                "laminas/laminas-coding-standard": "^2.4.0",
                "laminas/laminas-eventmanager": "^3.6.0",
                "laminas/laminas-hydrator": "^4.7",
                "laminas/laminas-servicemanager": "^3.19.0",
                "phpunit/phpunit": "^9.5.25"
            },
            "suggest": {
                "laminas/laminas-eventmanager": "Laminas\\EventManager component",
                "laminas/laminas-hydrator": "(^3.2 || ^4.3) Laminas\\Hydrator component for using HydratingResultSets",
                "laminas/laminas-servicemanager": "Laminas\\ServiceManager component"
            },
            "type": "library",
            "extra": {
                "laminas": {
                    "component": "Laminas\\Db",
                    "config-provider": "Laminas\\Db\\ConfigProvider"
                }
            },
            "autoload": {
                "psr-4": {
                    "Laminas\\Db\\": "src/"
                }
            },
            "notification-url": "https://packagist.org/downloads/",
            "license": [
                "BSD-3-Clause"
            ],
            "description": "Database abstraction layer, SQL abstraction, result set abstraction, and RowDataGateway and TableDataGateway implementations",
            "homepage": "https://laminas.dev",
            "keywords": [
                "db",
                "laminas"
            ],
            "support": {
                "chat": "https://laminas.dev/chat",
                "docs": "https://docs.laminas.dev/laminas-db/",
                "forum": "https://discourse.laminas.dev",
                "issues": "https://github.com/laminas/laminas-db/issues",
                "rss": "https://github.com/laminas/laminas-db/releases.atom",
                "source": "https://github.com/laminas/laminas-db"
            },
            "funding": [
                {
                    "url": "https://funding.communitybridge.org/projects/laminas-project",
                    "type": "community_bridge"
                }
            ],
            "time": "2024-04-02T01:04:56+00:00"
        },
        {
            "name": "laminas/laminas-stdlib",
            "version": "3.19.0",
            "source": {
                "type": "git",
                "url": "https://github.com/laminas/laminas-stdlib.git",
                "reference": "6a192dd0882b514e45506f533b833b623b78fff3"
            },
            "dist": {
                "type": "zip",
                "url": "https://api.github.com/repos/laminas/laminas-stdlib/zipball/6a192dd0882b514e45506f533b833b623b78fff3",
                "reference": "6a192dd0882b514e45506f533b833b623b78fff3",
                "shasum": ""
            },
            "require": {
                "php": "~8.1.0 || ~8.2.0 || ~8.3.0"
            },
            "conflict": {
                "zendframework/zend-stdlib": "*"
            },
            "require-dev": {
                "laminas/laminas-coding-standard": "^2.5",
                "phpbench/phpbench": "^1.2.15",
                "phpunit/phpunit": "^10.5.8",
                "psalm/plugin-phpunit": "^0.18.4",
                "vimeo/psalm": "^5.20.0"
            },
            "type": "library",
            "autoload": {
                "psr-4": {
                    "Laminas\\Stdlib\\": "src/"
                }
            },
            "notification-url": "https://packagist.org/downloads/",
            "license": [
                "BSD-3-Clause"
            ],
            "description": "SPL extensions, array utilities, error handlers, and more",
            "homepage": "https://laminas.dev",
            "keywords": [
                "laminas",
                "stdlib"
            ],
            "support": {
                "chat": "https://laminas.dev/chat",
                "docs": "https://docs.laminas.dev/laminas-stdlib/",
                "forum": "https://discourse.laminas.dev",
                "issues": "https://github.com/laminas/laminas-stdlib/issues",
                "rss": "https://github.com/laminas/laminas-stdlib/releases.atom",
                "source": "https://github.com/laminas/laminas-stdlib"
            },
            "funding": [
                {
                    "url": "https://funding.communitybridge.org/projects/laminas-project",
                    "type": "community_bridge"
                }
            ],
            "time": "2024-01-19T12:39:49+00:00"
        }
    ],
    "packages-dev": [],
    "aliases": [],
    "minimum-stability": "stable",
    "stability-flags": [],
    "prefer-stable": false,
    "prefer-lowest": false,
    "platform": [],
    "platform-dev": [],
    "plugin-api-version": "2.6.0"
}
